github.com/JavierZunzunegui/zerrors v0.1.0 h1:VXjo41uOHaVj7TMsy0EYAxAgtJS0IoIqZHVY4TW1rMo=
github.com/JavierZunzunegui/zerrors v0.1.0/go.mod h1:d/5945kPPqJ9ANhcYegZ7b2/nJqF+qi5beZNCnoLGiE=
github.com/pkg/errors v0.9.1 h1:FEBLx1zS214owpjy7qsBeixbURkuhQAwrK5UwLGTwt4=
github.com/pkg/errors v0.9.1/go.mod h1:bwawxfHBFNV+L2hUp1rHADufV3IMtnDRdf1r5NINEl0=
golang.org/x/xerrors v0.0.0-20191204190536-9bdfabe68543 h1:E7g+9GITq07hpfrRu66IVDexMakfv52eLZ2CXBWiKr4=
golang.org/x/xerrors v0.0.0-20191204190536-9bdfabe68543/go.mod h1:I/5z698sn9Ka8TeJc9MKroUUfqBBauWjQqLJ2OPfmY0=
